// !$*UTF8*$!
{
	archiveVersion = 1;
	classes = {
	};
	objectVersion = 48;
	objects = {

/* Begin PBXBuildFile section */
		CB35C8CB1FFC5A4B000F4C99 /* AppDelegate.swift in Sources */ = {isa = PBXBuildFile; fileRef = CB35C8CA1FFC5A4B000F4C99 /* AppDelegate.swift */; };
		CB35C8CD1FFC5A4B000F4C99 /* ViewController.swift in Sources */ = {isa = PBXBuildFile; fileRef = CB35C8CC1FFC5A4B000F4C99 /* ViewController.swift */; };
		CB35C8D21FFC5A4B000F4C99 /* Assets.xcassets in Resources */ = {isa = PBXBuildFile; fileRef = CB35C8D11FFC5A4B000F4C99 /* Assets.xcassets */; };
		CB35C8D51FFC5A4B000F4C99 /* LaunchScreen.storyboard in Resources */ = {isa = PBXBuildFile; fileRef = CB35C8D31FFC5A4B000F4C99 /* LaunchScreen.storyboard */; };
		CB35C8E11FFC5E11000F4C99 /* UIViewController+Defaults.swift in Sources */ = {isa = PBXBuildFile; fileRef = CB35C8E01FFC5E11000F4C99 /* UIViewController+Defaults.swift */; };
		CB35C8E51FFC5E70000F4C99 /* ViewController.xib in Resources */ = {isa = PBXBuildFile; fileRef = CB35C8E41FFC5E70000F4C99 /* ViewController.xib */; };
		CB4467971FFDA25D004EBC9C /* ICO.swift in Sources */ = {isa = PBXBuildFile; fileRef = CB4467961FFDA25D004EBC9C /* ICO.swift */; };
		CB4467991FFDA265004EBC9C /* Review.swift in Sources */ = {isa = PBXBuildFile; fileRef = CB4467981FFDA265004EBC9C /* Review.swift */; };
		CB85E0E71FFD717E0088B140 /* Alamofire.framework in Frameworks */ = {isa = PBXBuildFile; fileRef = CB85E0E51FFD717E0088B140 /* Alamofire.framework */; };
		CB85E0E81FFD717E0088B140 /* ObjectMapper.framework in Frameworks */ = {isa = PBXBuildFile; fileRef = CB85E0E61FFD717E0088B140 /* ObjectMapper.framework */; };
		CB85E0EA1FFD71CB0088B140 /* Alamofire.framework in CopyFiles */ = {isa = PBXBuildFile; fileRef = CB85E0E51FFD717E0088B140 /* Alamofire.framework */; settings = {ATTRIBUTES = (CodeSignOnCopy, RemoveHeadersOnCopy, ); }; };
		CB85E0EB1FFD71CB0088B140 /* ObjectMapper.framework in CopyFiles */ = {isa = PBXBuildFile; fileRef = CB85E0E61FFD717E0088B140 /* ObjectMapper.framework */; settings = {ATTRIBUTES = (CodeSignOnCopy, RemoveHeadersOnCopy, ); }; };
/* End PBXBuildFile section */

/* Begin PBXCopyFilesBuildPhase section */
		CB85E0E91FFD71BB0088B140 /* CopyFiles */ = {
			isa = PBXCopyFilesBuildPhase;
			buildActionMask = 2147483647;
			dstPath = "";
			dstSubfolderSpec = 10;
			files = (
				CB85E0EA1FFD71CB0088B140 /* Alamofire.framework in CopyFiles */,
				CB85E0EB1FFD71CB0088B140 /* ObjectMapper.framework in CopyFiles */,
			);
			runOnlyForDeploymentPostprocessing = 0;
		};
/* End PBXCopyFilesBuildPhase section */

/* Begin PBXFileReference section */
		CB35C8C71FFC5A4B000F4C99 /* InitialCoinOffering.app */ = {isa = PBXFileReference; explicitFileType = wrapper.application; includeInIndex = 0; path = InitialCoinOffering.app; sourceTree = BUILT_PRODUCTS_DIR; };
		CB35C8CA1FFC5A4B000F4C99 /* AppDelegate.swift */ = {isa = PBXFileReference; lastKnownFileType = sourcecode.swift; path = AppDelegate.swift; sourceTree = "<group>"; };
		CB35C8CC1FFC5A4B000F4C99 /* ViewController.swift */ = {isa = PBXFileReference; lastKnownFileType = sourcecode.swift; path = ViewController.swift; sourceTree = "<group>"; };
		CB35C8D11FFC5A4B000F4C99 /* Assets.xcassets */ = {isa = PBXFileReference; lastKnownFileType = folder.assetcatalog; path = Assets.xcassets; sourceTree = "<group>"; };
		CB35C8D41FFC5A4B000F4C99 /* Base */ = {isa = PBXFileReference; lastKnownFileType = file.storyboard; name = Base; path = Base.lproj/LaunchScreen.storyboard; sourceTree = "<group>"; };
		CB35C8D61FFC5A4B000F4C99 /* Info.plist */ = {isa = PBXFileReference; lastKnownFileType = text.plist.xml; path = Info.plist; sourceTree = "<group>"; };
		CB35C8E01FFC5E11000F4C99 /* UIViewController+Defaults.swift */ = {isa = PBXFileReference; lastKnownFileType = sourcecode.swift; path = "UIViewController+Defaults.swift"; sourceTree = "<group>"; };
		CB35C8E41FFC5E70000F4C99 /* ViewController.xib */ = {isa = PBXFileReference; lastKnownFileType = file.xib; path = ViewController.xib; sourceTree = "<group>"; };
		CB4467961FFDA25D004EBC9C /* ICO.swift */ = {isa = PBXFileReference; lastKnownFileType = sourcecode.swift; path = ICO.swift; sourceTree = "<group>"; };
		CB4467981FFDA265004EBC9C /* Review.swift */ = {isa = PBXFileReference; lastKnownFileType = sourcecode.swift; path = Review.swift; sourceTree = "<group>"; };
		CB85E0E51FFD717E0088B140 /* Alamofire.framework */ = {isa = PBXFileReference; lastKnownFileType = wrapper.framework; name = Alamofire.framework; path = ../Carthage/Build/iOS/Alamofire.framework; sourceTree = "<group>"; };
		CB85E0E61FFD717E0088B140 /* ObjectMapper.framework */ = {isa = PBXFileReference; lastKnownFileType = wrapper.framework; name = ObjectMapper.framework; path = ../Carthage/Build/iOS/ObjectMapper.framework; sourceTree = "<group>"; };
/* End PBXFileReference section */

/* Begin PBXFrameworksBuildPhase section */
		CB35C8C41FFC5A4B000F4C99 /* Frameworks */ = {
			isa = PBXFrameworksBuildPhase;
			buildActionMask = 2147483647;
			files = (
				CB85E0E71FFD717E0088B140 /* Alamofire.framework in Frameworks */,
				CB85E0E81FFD717E0088B140 /* ObjectMapper.framework in Frameworks */,
			);
			runOnlyForDeploymentPostprocessing = 0;
		};
/* End PBXFrameworksBuildPhase section */

/* Begin PBXGroup section */
		CB35C8BE1FFC5A4B000F4C99 = {
			isa = PBXGroup;
			children = (
				CB35C8C91FFC5A4B000F4C99 /* InitialCoinOffering */,
				CB35C8C81FFC5A4B000F4C99 /* Products */,
				CB85E0E41FFD717E0088B140 /* Frameworks */,
			);
			sourceTree = "<group>";
		};
		CB35C8C81FFC5A4B000F4C99 /* Products */ = {
			isa = PBXGroup;
			children = (
				CB35C8C71FFC5A4B000F4C99 /* InitialCoinOffering.app */,
			);
			name = Products;
			sourceTree = "<group>";
		};
		CB35C8C91FFC5A4B000F4C99 /* InitialCoinOffering */ = {
			isa = PBXGroup;
			children = (
				CB35C8DE1FFC5DFA000F4C99 /* Extensions */,
				CB4467931FFDA171004EBC9C /* Model */,
				CB35C8DC1FFC5BEC000F4C99 /* Support Files */,
				CB35C8E21FFC5E3E000F4C99 /* ViewControllers */,
			);
			path = InitialCoinOffering;
			sourceTree = "<group>";
		};
		CB35C8DC1FFC5BEC000F4C99 /* Support Files */ = {
			isa = PBXGroup;
			children = (
				CB35C8CA1FFC5A4B000F4C99 /* AppDelegate.swift */,
				CB35C8D11FFC5A4B000F4C99 /* Assets.xcassets */,
				CB35C8D61FFC5A4B000F4C99 /* Info.plist */,
				CB35C8D31FFC5A4B000F4C99 /* LaunchScreen.storyboard */,
			);
			path = "Support Files";
			sourceTree = "<group>";
		};
		CB35C8DE1FFC5DFA000F4C99 /* Extensions */ = {
			isa = PBXGroup;
			children = (
				CB35C8DF1FFC5DFF000F4C99 /* ViewController */,
			);
			path = Extensions;
			sourceTree = "<group>";
		};
		CB35C8DF1FFC5DFF000F4C99 /* ViewController */ = {
			isa = PBXGroup;
			children = (
				CB35C8E01FFC5E11000F4C99 /* UIViewController+Defaults.swift */,
			);
			path = ViewController;
			sourceTree = "<group>";
		};
		CB35C8E21FFC5E3E000F4C99 /* ViewControllers */ = {
			isa = PBXGroup;
			children = (
				CB35C8E31FFC5E4B000F4C99 /* Main */,
			);
			path = ViewControllers;
			sourceTree = "<group>";
		};
		CB35C8E31FFC5E4B000F4C99 /* Main */ = {
			isa = PBXGroup;
			children = (
				CB35C8CC1FFC5A4B000F4C99 /* ViewController.swift */,
				CB35C8E41FFC5E70000F4C99 /* ViewController.xib */,
			);
			path = Main;
			sourceTree = "<group>";
		};
		CB4467931FFDA171004EBC9C /* Model */ = {
			isa = PBXGroup;
			children = (
				CB4467941FFDA19C004EBC9C /* ICO */,
				CB4467951FFDA1E4004EBC9C /* Review */,
			);
			path = Model;
			sourceTree = "<group>";
		};
		CB4467941FFDA19C004EBC9C /* ICO */ = {
			isa = PBXGroup;
			children = (
				CB4467961FFDA25D004EBC9C /* ICO.swift */,
			);
			path = ICO;
			sourceTree = "<group>";
		};
		CB4467951FFDA1E4004EBC9C /* Review */ = {
			isa = PBXGroup;
			children = (
				CB4467981FFDA265004EBC9C /* Review.swift */,
			);
			path = Review;
			sourceTree = "<group>";
		};
		CB85E0E41FFD717E0088B140 /* Frameworks */ = {
			isa = PBXGroup;
			children = (
				CB85E0E51FFD717E0088B140 /* Alamofire.framework */,
				CB85E0E61FFD717E0088B140 /* ObjectMapper.framework */,
			);
			name = Frameworks;
			sourceTree = "<group>";
		};
/* End PBXGroup section */

/* Begin PBXNativeTarget section */
		CB35C8C61FFC5A4B000F4C99 /* InitialCoinOffering */ = {
			isa = PBXNativeTarget;
			buildConfigurationList = CB35C8D91FFC5A4B000F4C99 /* Build configuration list for PBXNativeTarget "InitialCoinOffering" */;
			buildPhases = (
				CB35C8C31FFC5A4B000F4C99 /* Sources */,
				CB35C8C41FFC5A4B000F4C99 /* Frameworks */,
				CB35C8C51FFC5A4B000F4C99 /* Resources */,
				CB85E0E31FFD712F0088B140 /* ShellScript */,
				CB85E0E91FFD71BB0088B140 /* CopyFiles */,
			);
			buildRules = (
			);
			dependencies = (
			);
			name = InitialCoinOffering;
			productName = InitialCoinOffering;
			productReference = CB35C8C71FFC5A4B000F4C99 /* InitialCoinOffering.app */;
			productType = "com.apple.product-type.application";
		};
/* End PBXNativeTarget section */

/* Begin PBXProject section */
		CB35C8BF1FFC5A4B000F4C99 /* Project object */ = {
			isa = PBXProject;
			attributes = {
				LastSwiftUpdateCheck = 0920;
				LastUpgradeCheck = 0920;
				ORGANIZATIONNAME = JorgeCosta;
				TargetAttributes = {
					CB35C8C61FFC5A4B000F4C99 = {
						CreatedOnToolsVersion = 9.2;
						ProvisioningStyle = Automatic;
					};
				};
			};
			buildConfigurationList = CB35C8C21FFC5A4B000F4C99 /* Build configuration list for PBXProject "InitialCoinOffering" */;
			compatibilityVersion = "Xcode 8.0";
			developmentRegion = en;
			hasScannedForEncodings = 0;
			knownRegions = (
				en,
				Base,
			);
			mainGroup = CB35C8BE1FFC5A4B000F4C99;
			productRefGroup = CB35C8C81FFC5A4B000F4C99 /* Products */;
			projectDirPath = "";
			projectRoot = "";
			targets = (
				CB35C8C61FFC5A4B000F4C99 /* InitialCoinOffering */,
			);
		};
/* End PBXProject section */

/* Begin PBXResourcesBuildPhase section */
		CB35C8C51FFC5A4B000F4C99 /* Resources */ = {
			isa = PBXResourcesBuildPhase;
			buildActionMask = 2147483647;
			files = (
				CB35C8D51FFC5A4B000F4C99 /* LaunchScreen.storyboard in Resources */,
				CB35C8E51FFC5E70000F4C99 /* ViewController.xib in Resources */,
				CB35C8D21FFC5A4B000F4C99 /* Assets.xcassets in Resources */,
			);
			runOnlyForDeploymentPostprocessing = 0;
		};
/* End PBXResourcesBuildPhase section */

/* Begin PBXShellScriptBuildPhase section */
		CB85E0E31FFD712F0088B140 /* ShellScript */ = {
			isa = PBXShellScriptBuildPhase;
			buildActionMask = 2147483647;
			files = (
			);
			inputPaths = (
				"$(SRCROOT)/../Carthage/Build/iOS/Alamofire.framework",
				"$(SRCROOT)/../Carthage/Build/iOS/ObjectMapper.framework",
			);
			outputPaths = (
			);
			runOnlyForDeploymentPostprocessing = 0;
			shellPath = /bin/sh;
			shellScript = "/usr/local/bin/carthage copy-frameworks";
		};
/* End PBXShellScriptBuildPhase section */

/* Begin PBXSourcesBuildPhase section */
		CB35C8C31FFC5A4B000F4C99 /* Sources */ = {
			isa = PBXSourcesBuildPhase;
			buildActionMask = 2147483647;
			files = (
				CB4467991FFDA265004EBC9C /* Review.swift in Sources */,
				CB35C8CD1FFC5A4B000F4C99 /* ViewController.swift in Sources */,
				CB35C8CB1FFC5A4B000F4C99 /* AppDelegate.swift in Sources */,
				CB35C8E11FFC5E11000F4C99 /* UIViewController+Defaults.swift in Sources */,
				CB4467971FFDA25D004EBC9C /* ICO.swift in Sources */,
			);
			runOnlyForDeploymentPostprocessing = 0;
		};
/* End PBXSourcesBuildPhase section */

/* Begin PBXVariantGroup section */
		CB35C8D31FFC5A4B000F4C99 /* LaunchScreen.storyboard */ = {
			isa = PBXVariantGroup;
			children = (
				CB35C8D41FFC5A4B000F4C99 /* Base */,
			);
			name = LaunchScreen.storyboard;
			sourceTree = "<group>";
		};
/* End PBXVariantGroup section */

/* Begin XCBuildConfiguration section */
		CB35C8D71FFC5A4B000F4C99 /* Debug */ = {
			isa = XCBuildConfiguration;
			buildSettings = {
				ALWAYS_SEARCH_USER_PATHS = NO;
				CLANG_ANALYZER_NONNULL = YES;
				CLANG_ANALYZER_NUMBER_OBJECT_CONVERSION = YES_AGGRESSIVE;
				CLANG_CXX_LANGUAGE_STANDARD = "gnu++14";
				CLANG_CXX_LIBRARY = "libc++";
				CLANG_ENABLE_MODULES = YES;
				CLANG_ENABLE_OBJC_ARC = YES;
				CLANG_WARN_BLOCK_CAPTURE_AUTORELEASING = YES;
				CLANG_WARN_BOOL_CONVERSION = YES;
				CLANG_WARN_COMMA = YES;
				CLANG_WARN_CONSTANT_CONVERSION = YES;
				CLANG_WARN_DIRECT_OBJC_ISA_USAGE = YES_ERROR;
				CLANG_WARN_DOCUMENTATION_COMMENTS = YES;
				CLANG_WARN_EMPTY_BODY = YES;
				CLANG_WARN_ENUM_CONVERSION = YES;
				CLANG_WARN_INFINITE_RECURSION = YES;
				CLANG_WARN_INT_CONVERSION = YES;
				CLANG_WARN_NON_LITERAL_NULL_CONVERSION = YES;
				CLANG_WARN_OBJC_LITERAL_CONVERSION = YES;
				CLANG_WARN_OBJC_ROOT_CLASS = YES_ERROR;
				CLANG_WARN_RANGE_LOOP_ANALYSIS = YES;
				CLANG_WARN_STRICT_PROTOTYPES = YES;
				CLANG_WARN_SUSPICIOUS_MOVE = YES;
				CLANG_WARN_UNGUARDED_AVAILABILITY = YES_AGGRESSIVE;
				CLANG_WARN_UNREACHABLE_CODE = YES;
				CLANG_WARN__DUPLICATE_METHOD_MATCH = YES;
				CODE_SIGN_IDENTITY = "iPhone Developer";
				COPY_PHASE_STRIP = NO;
				DEBUG_INFORMATION_FORMAT = dwarf;
				ENABLE_STRICT_OBJC_MSGSEND = YES;
				ENABLE_TESTABILITY = YES;
				GCC_C_LANGUAGE_STANDARD = gnu11;
				GCC_DYNAMIC_NO_PIC = NO;
				GCC_NO_COMMON_BLOCKS = YES;
				GCC_OPTIMIZATION_LEVEL = 0;
				GCC_PREPROCESSOR_DEFINITIONS = (
					"DEBUG=1",
					"$(inherited)",
				);
				GCC_WARN_64_TO_32_BIT_CONVERSION = YES;
				GCC_WARN_ABOUT_RETURN_TYPE = YES_ERROR;
				GCC_WARN_UNDECLARED_SELECTOR = YES;
				GCC_WARN_UNINITIALIZED_AUTOS = YES_AGGRESSIVE;
				GCC_WARN_UNUSED_FUNCTION = YES;
				GCC_WARN_UNUSED_VARIABLE = YES;
				IPHONEOS_DEPLOYMENT_TARGET = 11.2;
				MTL_ENABLE_DEBUG_INFO = YES;
				ONLY_ACTIVE_ARCH = YES;
				SDKROOT = iphoneos;
				SWIFT_ACTIVE_COMPILATION_CONDITIONS = DEBUG;
				SWIFT_OPTIMIZATION_LEVEL = "-Onone";
			};
			name = Debug;
		};
		CB35C8D81FFC5A4B000F4C99 /* Release */ = {
			isa = XCBuildConfiguration;
			buildSettings = {
				ALWAYS_SEARCH_USER_PATHS = NO;
				CLANG_ANALYZER_NONNULL = YES;
				CLANG_ANALYZER_NUMBER_OBJECT_CONVERSION = YES_AGGRESSIVE;
				CLANG_CXX_LANGUAGE_STANDARD = "gnu++14";
				CLANG_CXX_LIBRARY = "libc++";
				CLANG_ENABLE_MODULES = YES;
				CLANG_ENABLE_OBJC_ARC = YES;
				CLANG_WARN_BLOCK_CAPTURE_AUTORELEASING = YES;
				CLANG_WARN_BOOL_CONVERSION = YES;
				CLANG_WARN_COMMA = YES;
				CLANG_WARN_CONSTANT_CONVERSION = YES;
				CLANG_WARN_DIRECT_OBJC_ISA_USAGE = YES_ERROR;
				CLANG_WARN_DOCUMENTATION_COMMENTS = YES;
				CLANG_WARN_EMPTY_BODY = YES;
				CLANG_WARN_ENUM_CONVERSION = YES;
				CLANG_WARN_INFINITE_RECURSION = YES;
				CLANG_WARN_INT_CONVERSION = YES;
				CLANG_WARN_NON_LITERAL_NULL_CONVERSION = YES;
				CLANG_WARN_OBJC_LITERAL_CONVERSION = YES;
				CLANG_WARN_OBJC_ROOT_CLASS = YES_ERROR;
				CLANG_WARN_RANGE_LOOP_ANALYSIS = YES;
				CLANG_WARN_STRICT_PROTOTYPES = YES;
				CLANG_WARN_SUSPICIOUS_MOVE = YES;
				CLANG_WARN_UNGUARDED_AVAILABILITY = YES_AGGRESSIVE;
				CLANG_WARN_UNREACHABLE_CODE = YES;
				CLANG_WARN__DUPLICATE_METHOD_MATCH = YES;
				CODE_SIGN_IDENTITY = "iPhone Developer";
				COPY_PHASE_STRIP = NO;
				DEBUG_INFORMATION_FORMAT = "dwarf-with-dsym";
				ENABLE_NS_ASSERTIONS = NO;
				ENABLE_STRICT_OBJC_MSGSEND = YES;
				GCC_C_LANGUAGE_STANDARD = gnu11;
				GCC_NO_COMMON_BLOCKS = YES;
				GCC_WARN_64_TO_32_BIT_CONVERSION = YES;
				GCC_WARN_ABOUT_RETURN_TYPE = YES_ERROR;
				GCC_WARN_UNDECLARED_SELECTOR = YES;
				GCC_WARN_UNINITIALIZED_AUTOS = YES_AGGRESSIVE;
				GCC_WARN_UNUSED_FUNCTION = YES;
				GCC_WARN_UNUSED_VARIABLE = YES;
				IPHONEOS_DEPLOYMENT_TARGET = 11.2;
				MTL_ENABLE_DEBUG_INFO = NO;
				SDKROOT = iphoneos;
				SWIFT_OPTIMIZATION_LEVEL = "-Owholemodule";
				VALIDATE_PRODUCT = YES;
			};
			name = Release;
		};
		CB35C8DA1FFC5A4B000F4C99 /* Debug */ = {
			isa = XCBuildConfiguration;
			buildSettings = {
				ASSETCATALOG_COMPILER_APPICON_NAME = AppIcon;
				CODE_SIGN_STYLE = Automatic;
				DEVELOPMENT_TEAM = E7BQ53ZKZN;
				FRAMEWORK_SEARCH_PATHS = "$(PROJECT_DIR)/../Carthage/Build/iOS";
				INFOPLIST_FILE = "$(SRCROOT)/InitialCoinOffering/Support Files/Info.plist";
				LD_RUNPATH_SEARCH_PATHS = "$(inherited) @executable_path/Frameworks";
				PRODUCT_BUNDLE_IDENTIFIER = com.lambo.InitialCoinOffering;
				PRODUCT_NAME = "$(TARGET_NAME)";
				SWIFT_VERSION = 4.0;
				TARGETED_DEVICE_FAMILY = "1,2";
			};
			name = Debug;
		};
		CB35C8DB1FFC5A4B000F4C99 /* Release */ = {
			isa = XCBuildConfiguration;
			buildSettings = {
				ASSETCATALOG_COMPILER_APPICON_NAME = AppIcon;
				CODE_SIGN_STYLE = Automatic;
				DEVELOPMENT_TEAM = E7BQ53ZKZN;
				FRAMEWORK_SEARCH_PATHS = "$(PROJECT_DIR)/../Carthage/Build/iOS";
				INFOPLIST_FILE = "$(SRCROOT)/InitialCoinOffering/Support Files/Info.plist";
				LD_RUNPATH_SEARCH_PATHS = "$(inherited) @executable_path/Frameworks";
				PRODUCT_BUNDLE_IDENTIFIER = com.lambo.InitialCoinOffering;
				PRODUCT_NAME = "$(TARGET_NAME)";
				SWIFT_VERSION = 4.0;
				TARGETED_DEVICE_FAMILY = "1,2";
			};
			name = Release;
		};
/* End XCBuildConfiguration section */

/* Begin XCConfigurationList section */
		CB35C8C21FFC5A4B000F4C99 /* Build configuration list for PBXProject "InitialCoinOffering" */ = {
			isa = XCConfigurationList;
			buildConfigurations = (
				CB35C8D71FFC5A4B000F4C99 /* Debug */,
				CB35C8D81FFC5A4B000F4C99 /* Release */,
			);
			defaultConfigurationIsVisible = 0;
			defaultConfigurationName = Release;
		};
		CB35C8D91FFC5A4B000F4C99 /* Build configuration list for PBXNativeTarget "InitialCoinOffering" */ = {
			isa = XCConfigurationList;
			buildConfigurations = (
				CB35C8DA1FFC5A4B000F4C99 /* Debug */,
				CB35C8DB1FFC5A4B000F4C99 /* Release */,
			);
			defaultConfigurationIsVisible = 0;
			defaultConfigurationName = Release;
		};
/* End XCConfigurationList section */
	};
	rootObject = CB35C8BF1FFC5A4B000F4C99 /* Project object */;
}
